
Microsoft Visual Studio Solution File, Format Version 12.00
# Visual Studio Version 17
VisualStudioVersion = 17.4.33213.308
MinimumVisualStudioVersion = 10.0.40219.1
Project("{8BC9CEB8-8B4A-11D0-8D11-00A0C91BC942}") = "ControleStructures", "ControleStructures\ControleStructures.vcxproj", "{FB69AF45-631A-4C5F-B6C0-1397445FEF23}"
EndProject
Project("{8BC9CEB8-8B4A-11D0-8D11-00A0C91BC942}") = "calc", "calc\calc.vcxproj", "{7C54BDDB-9FE1-43D4-827D-ED1CF0D11CB9}"
EndProject
Project("{8BC9CEB8-8B4A-11D0-8D11-00A0C91BC942}") = "Loops", "Loops\Loops.vcxproj", "{F4B1481B-3F4D-45DB-A2C5-25B0A620657D}"
EndProject
Project("{8BC9CEB8-8B4A-11D0-8D11-00A0C91BC942}") = "Paldendrom", "Paldendrom\Paldendrom.vcxproj", "{8CE5E6ED-FC76-441D-8EE3-471BD068A5BE}"
EndProject
Project("{8BC9CEB8-8B4A-11D0-8D11-00A0C91BC942}") = "Shooter", "Shooter\Shooter.vcxproj", "{BC67CED2-9959-4C43-88EA-0CE3792C6941}"
EndProject
Project("{8BC9CEB8-8B4A-11D0-8D11-00A0C91BC942}") = "Lucky ticket", "Lucky ticket\Lucky ticket.vcxproj", "{E954C5A8-8EEF-4AA9-BA0E-B98E5AE0B433}"
EndProject
Project("{8BC9CEB8-8B4A-11D0-8D11-00A0C91BC942}") = "FOR", "FOR\FOR.vcxproj", "{3A72EDCF-A164-499E-A21D-EBE586C4190C}"
EndProject
Global
	GlobalSection(SolutionConfigurationPlatforms) = preSolution
		Debug|x64 = Debug|x64
		Debug|x86 = Debug|x86
		Release|x64 = Release|x64
		Release|x86 = Release|x86
	EndGlobalSection
	GlobalSection(ProjectConfigurationPlatforms) = postSolution
		{FB69AF45-631A-4C5F-B6C0-1397445FEF23}.Debug|x64.ActiveCfg = Debug|x64
		{FB69AF45-631A-4C5F-B6C0-1397445FEF23}.Debug|x64.Build.0 = Debug|x64
		{FB69AF45-631A-4C5F-B6C0-1397445FEF23}.Debug|x86.ActiveCfg = Debug|Win32
		{FB69AF45-631A-4C5F-B6C0-1397445FEF23}.Debug|x86.Build.0 = Debug|Win32
		{FB69AF45-631A-4C5F-B6C0-1397445FEF23}.Release|x64.ActiveCfg = Release|x64
		{FB69AF45-631A-4C5F-B6C0-1397445FEF23}.Release|x64.Build.0 = Release|x64
		{FB69AF45-631A-4C5F-B6C0-1397445FEF23}.Release|x86.ActiveCfg = Release|Win32
		{FB69AF45-631A-4C5F-B6C0-1397445FEF23}.Release|x86.Build.0 = Release|Win32
		{7C54BDDB-9FE1-43D4-827D-ED1CF0D11CB9}.Debug|x64.ActiveCfg = Debug|x64
		{7C54BDDB-9FE1-43D4-827D-ED1CF0D11CB9}.Debug|x64.Build.0 = Debug|x64
		{7C54BDDB-9FE1-43D4-827D-ED1CF0D11CB9}.Debug|x86.ActiveCfg = Debug|Win32
		{7C54BDDB-9FE1-43D4-827D-ED1CF0D11CB9}.Debug|x86.Build.0 = Debug|Win32
		{7C54BDDB-9FE1-43D4-827D-ED1CF0D11CB9}.Release|x64.ActiveCfg = Release|x64
		{7C54BDDB-9FE1-43D4-827D-ED1CF0D11CB9}.Release|x64.Build.0 = Release|x64
		{7C54BDDB-9FE1-43D4-827D-ED1CF0D11CB9}.Release|x86.ActiveCfg = Release|Win32
		{7C54BDDB-9FE1-43D4-827D-ED1CF0D11CB9}.Release|x86.Build.0 = Release|Win32
		{F4B1481B-3F4D-45DB-A2C5-25B0A620657D}.Debug|x64.ActiveCfg = Debug|x64
		{F4B1481B-3F4D-45DB-A2C5-25B0A620657D}.Debug|x64.Build.0 = Debug|x64
		{F4B1481B-3F4D-45DB-A2C5-25B0A620657D}.Debug|x86.ActiveCfg = Debug|Win32
		{F4B1481B-3F4D-45DB-A2C5-25B0A620657D}.Debug|x86.Build.0 = Debug|Win32
		{F4B1481B-3F4D-45DB-A2C5-25B0A620657D}.Release|x64.ActiveCfg = Release|x64
		{F4B1481B-3F4D-45DB-A2C5-25B0A620657D}.Release|x64.Build.0 = Release|x64
		{F4B1481B-3F4D-45DB-A2C5-25B0A620657D}.Release|x86.ActiveCfg = Release|Win32
		{F4B1481B-3F4D-45DB-A2C5-25B0A620657D}.Release|x86.Build.0 = Release|Win32
		{8CE5E6ED-FC76-441D-8EE3-471BD068A5BE}.Debug|x64.ActiveCfg = Debug|x64
		{8CE5E6ED-FC76-441D-8EE3-471BD068A5BE}.Debug|x64.Build.0 = Debug|x64
		{8CE5E6ED-FC76-441D-8EE3-471BD068A5BE}.Debug|x86.ActiveCfg = Debug|Win32
		{8CE5E6ED-FC76-441D-8EE3-471BD068A5BE}.Debug|x86.Build.0 = Debug|Win32
		{8CE5E6ED-FC76-441D-8EE3-471BD068A5BE}.Release|x64.ActiveCfg = Release|x64
		{8CE5E6ED-FC76-441D-8EE3-471BD068A5BE}.Release|x64.Build.0 = Release|x64
		{8CE5E6ED-FC76-441D-8EE3-471BD068A5BE}.Release|x86.ActiveCfg = Release|Win32
		{8CE5E6ED-FC76-441D-8EE3-471BD068A5BE}.Release|x86.Build.0 = Release|Win32
		{BC67CED2-9959-4C43-88EA-0CE3792C6941}.Debug|x64.ActiveCfg = Debug|x64
		{BC67CED2-9959-4C43-88EA-0CE3792C6941}.Debug|x64.Build.0 = Debug|x64
		{BC67CED2-9959-4C43-88EA-0CE3792C6941}.Debug|x86.ActiveCfg = Debug|Win32
		{BC67CED2-9959-4C43-88EA-0CE3792C6941}.Debug|x86.Build.0 = Debug|Win32
		{BC67CED2-9959-4C43-88EA-0CE3792C6941}.Release|x64.ActiveCfg = Release|x64
		{BC67CED2-9959-4C43-88EA-0CE3792C6941}.Release|x64.Build.0 = Release|x64
		{BC67CED2-9959-4C43-88EA-0CE3792C6941}.Release|x86.ActiveCfg = Release|Win32
		{BC67CED2-9959-4C43-88EA-0CE3792C6941}.Release|x86.Build.0 = Release|Win32
		{E954C5A8-8EEF-4AA9-BA0E-B98E5AE0B433}.Debug|x64.ActiveCfg = Debug|x64
		{E954C5A8-8EEF-4AA9-BA0E-B98E5AE0B433}.Debug|x64.Build.0 = Debug|x64
		{E954C5A8-8EEF-4AA9-BA0E-B98E5AE0B433}.Debug|x86.ActiveCfg = Debug|Win32
		{E954C5A8-8EEF-4AA9-BA0E-B98E5AE0B433}.Debug|x86.Build.0 = Debug|Win32
		{E954C5A8-8EEF-4AA9-BA0E-B98E5AE0B433}.Release|x64.ActiveCfg = Release|x64
		{E954C5A8-8EEF-4AA9-BA0E-B98E5AE0B433}.Release|x64.Build.0 = Release|x64
		{E954C5A8-8EEF-4AA9-BA0E-B98E5AE0B433}.Release|x86.ActiveCfg = Release|Win32
		{E954C5A8-8EEF-4AA9-BA0E-B98E5AE0B433}.Release|x86.Build.0 = Release|Win32
		{3A72EDCF-A164-499E-A21D-EBE586C4190C}.Debug|x64.ActiveCfg = Debug|x64
		{3A72EDCF-A164-499E-A21D-EBE586C4190C}.Debug|x64.Build.0 = Debug|x64
		{3A72EDCF-A164-499E-A21D-EBE586C4190C}.Debug|x86.ActiveCfg = Debug|Win32
		{3A72EDCF-A164-499E-A21D-EBE586C4190C}.Debug|x86.Build.0 = Debug|Win32
		{3A72EDCF-A164-499E-A21D-EBE586C4190C}.Release|x64.ActiveCfg = Release|x64
		{3A72EDCF-A164-499E-A21D-EBE586C4190C}.Release|x64.Build.0 = Release|x64
		{3A72EDCF-A164-499E-A21D-EBE586C4190C}.Release|x86.ActiveCfg = Release|Win32
		{3A72EDCF-A164-499E-A21D-EBE586C4190C}.Release|x86.Build.0 = Release|Win32
	EndGlobalSection
	GlobalSection(SolutionProperties) = preSolution
		HideSolutionNode = FALSE
	EndGlobalSection
	GlobalSection(ExtensibilityGlobals) = postSolution
		SolutionGuid = {8086B695-ACB1-4369-AE63-DE68D344E09A}
	EndGlobalSection
EndGlobal
